// !$*UTF8*$!
{
	archiveVersion = 1;
	classes = {
	};
	objectVersion = 56;
	objects = {

/* Begin PBXBuildFile section */
		48FF422F2CDE4EC6007071DA /* gnostrApp.swift in Sources */ = {isa = PBXBuildFile; fileRef = 48FF422E2CDE4EC6007071DA /* gnostrApp.swift */; };
		48FF42312CDE4EC6007071DA /* ContentView.swift in Sources */ = {isa = PBXBuildFile; fileRef = 48FF42302CDE4EC6007071DA /* ContentView.swift */; };
		48FF42332CDE4EC8007071DA /* Assets.xcassets in Resources */ = {isa = PBXBuildFile; fileRef = 48FF42322CDE4EC8007071DA /* Assets.xcassets */; };
		48FF42372CDE4EC8007071DA /* Preview Assets.xcassets in Resources */ = {isa = PBXBuildFile; fileRef = 48FF42362CDE4EC8007071DA /* Preview Assets.xcassets */; };
		48FF42412CDE4EC9007071DA /* gnostrTests.swift in Sources */ = {isa = PBXBuildFile; fileRef = 48FF42402CDE4EC9007071DA /* gnostrTests.swift */; };
		48FF424B2CDE4EC9007071DA /* gnostrUITests.swift in Sources */ = {isa = PBXBuildFile; fileRef = 48FF424A2CDE4EC9007071DA /* gnostrUITests.swift */; };
		48FF424D2CDE4EC9007071DA /* gnostrUITestsLaunchTests.swift in Sources */ = {isa = PBXBuildFile; fileRef = 48FF424C2CDE4EC9007071DA /* gnostrUITestsLaunchTests.swift */; };
/* End PBXBuildFile section */

/* Begin PBXContainerItemProxy section */
		48FF423D2CDE4EC9007071DA /* PBXContainerItemProxy */ = {
			isa = PBXContainerItemProxy;
			containerPortal = 48FF42232CDE4EC6007071DA /* Project object */;
			proxyType = 1;
			remoteGlobalIDString = 48FF422A2CDE4EC6007071DA;
			remoteInfo = gnostr;
		};
		48FF42472CDE4EC9007071DA /* PBXContainerItemProxy */ = {
			isa = PBXContainerItemProxy;
			containerPortal = 48FF42232CDE4EC6007071DA /* Project object */;
			proxyType = 1;
			remoteGlobalIDString = 48FF422A2CDE4EC6007071DA;
			remoteInfo = gnostr;
		};
/* End PBXContainerItemProxy section */

/* Begin PBXFileReference section */
		48FF422B2CDE4EC6007071DA /* gnostr.app */ = {isa = PBXFileReference; explicitFileType = wrapper.application; includeInIndex = 0; path = gnostr.app; sourceTree = BUILT_PRODUCTS_DIR; };
		48FF422E2CDE4EC6007071DA /* gnostrApp.swift */ = {isa = PBXFileReference; lastKnownFileType = sourcecode.swift; path = gnostrApp.swift; sourceTree = "<group>"; };
		48FF42302CDE4EC6007071DA /* ContentView.swift */ = {isa = PBXFileReference; lastKnownFileType = sourcecode.swift; path = ContentView.swift; sourceTree = "<group>"; };
		48FF42322CDE4EC8007071DA /* Assets.xcassets */ = {isa = PBXFileReference; lastKnownFileType = folder.assetcatalog; path = Assets.xcassets; sourceTree = "<group>"; };
		48FF42342CDE4EC8007071DA /* gnostr.entitlements */ = {isa = PBXFileReference; lastKnownFileType = text.plist.entitlements; path = gnostr.entitlements; sourceTree = "<group>"; };
		48FF42362CDE4EC8007071DA /* Preview Assets.xcassets */ = {isa = PBXFileReference; lastKnownFileType = folder.assetcatalog; path = "Preview Assets.xcassets"; sourceTree = "<group>"; };
		48FF423C2CDE4EC9007071DA /* gnostrTests.xctest */ = {isa = PBXFileReference; explicitFileType = wrapper.cfbundle; includeInIndex = 0; path = gnostrTests.xctest; sourceTree = BUILT_PRODUCTS_DIR; };
		48FF42402CDE4EC9007071DA /* gnostrTests.swift */ = {isa = PBXFileReference; lastKnownFileType = sourcecode.swift; path = gnostrTests.swift; sourceTree = "<group>"; };
		48FF42462CDE4EC9007071DA /* gnostrUITests.xctest */ = {isa = PBXFileReference; explicitFileType = wrapper.cfbundle; includeInIndex = 0; path = gnostrUITests.xctest; sourceTree = BUILT_PRODUCTS_DIR; };
		48FF424A2CDE4EC9007071DA /* gnostrUITests.swift */ = {isa = PBXFileReference; lastKnownFileType = sourcecode.swift; path = gnostrUITests.swift; sourceTree = "<group>"; };
		48FF424C2CDE4EC9007071DA /* gnostrUITestsLaunchTests.swift */ = {isa = PBXFileReference; lastKnownFileType = sourcecode.swift; path = gnostrUITestsLaunchTests.swift; sourceTree = "<group>"; };
/* End PBXFileReference section */

/* Begin PBXFrameworksBuildPhase section */
		48FF42282CDE4EC6007071DA /* Frameworks */ = {
			isa = PBXFrameworksBuildPhase;
			buildActionMask = 2147483647;
			files = (
			);
			runOnlyForDeploymentPostprocessing = 0;
		};
		48FF42392CDE4EC9007071DA /* Frameworks */ = {
			isa = PBXFrameworksBuildPhase;
			buildActionMask = 2147483647;
			files = (
			);
			runOnlyForDeploymentPostprocessing = 0;
		};
		48FF42432CDE4EC9007071DA /* Frameworks */ = {
			isa = PBXFrameworksBuildPhase;
			buildActionMask = 2147483647;
			files = (
			);
			runOnlyForDeploymentPostprocessing = 0;
		};
/* End PBXFrameworksBuildPhase section */

/* Begin PBXGroup section */
		48FF42222CDE4EC6007071DA = {
			isa = PBXGroup;
			children = (
				48FF422D2CDE4EC6007071DA /* gnostr */,
				48FF423F2CDE4EC9007071DA /* gnostrTests */,
				48FF42492CDE4EC9007071DA /* gnostrUITests */,
				48FF422C2CDE4EC6007071DA /* Products */,
			);
			sourceTree = "<group>";
		};
		48FF422C2CDE4EC6007071DA /* Products */ = {
			isa = PBXGroup;
			children = (
				48FF422B2CDE4EC6007071DA /* gnostr.app */,
				48FF423C2CDE4EC9007071DA /* gnostrTests.xctest */,
				48FF42462CDE4EC9007071DA /* gnostrUITests.xctest */,
			);
			name = Products;
			sourceTree = "<group>";
		};
		48FF422D2CDE4EC6007071DA /* gnostr */ = {
			isa = PBXGroup;
			children = (
				48FF422E2CDE4EC6007071DA /* gnostrApp.swift */,
				48FF42302CDE4EC6007071DA /* ContentView.swift */,
				48FF42322CDE4EC8007071DA /* Assets.xcassets */,
				48FF42342CDE4EC8007071DA /* gnostr.entitlements */,
				48FF42352CDE4EC8007071DA /* Preview Content */,
			);
			path = gnostr;
			sourceTree = "<group>";
		};
		48FF42352CDE4EC8007071DA /* Preview Content */ = {
			isa = PBXGroup;
			children = (
				48FF42362CDE4EC8007071DA /* Preview Assets.xcassets */,
			);
			path = "Preview Content";
			sourceTree = "<group>";
		};
		48FF423F2CDE4EC9007071DA /* gnostrTests */ = {
			isa = PBXGroup;
			children = (
				48FF42402CDE4EC9007071DA /* gnostrTests.swift */,
			);
			path = gnostrTests;
			sourceTree = "<group>";
		};
		48FF42492CDE4EC9007071DA /* gnostrUITests */ = {
			isa = PBXGroup;
			children = (
				48FF424A2CDE4EC9007071DA /* gnostrUITests.swift */,
				48FF424C2CDE4EC9007071DA /* gnostrUITestsLaunchTests.swift */,
			);
			path = gnostrUITests;
			sourceTree = "<group>";
		};
/* End PBXGroup section */

/* Begin PBXNativeTarget section */
		48FF422A2CDE4EC6007071DA /* gnostr */ = {
			isa = PBXNativeTarget;
			buildConfigurationList = 48FF42502CDE4EC9007071DA /* Build configuration list for PBXNativeTarget "gnostr" */;
			buildPhases = (
				48FF42272CDE4EC6007071DA /* Sources */,
				48FF42282CDE4EC6007071DA /* Frameworks */,
				48FF42292CDE4EC6007071DA /* Resources */,
			);
			buildRules = (
			);
			dependencies = (
			);
			name = gnostr;
			productName = gnostr;
			productReference = 48FF422B2CDE4EC6007071DA /* gnostr.app */;
			productType = "com.apple.product-type.application";
		};
		48FF423B2CDE4EC9007071DA /* gnostrTests */ = {
			isa = PBXNativeTarget;
			buildConfigurationList = 48FF42532CDE4EC9007071DA /* Build configuration list for PBXNativeTarget "gnostrTests" */;
			buildPhases = (
				48FF42382CDE4EC9007071DA /* Sources */,
				48FF42392CDE4EC9007071DA /* Frameworks */,
				48FF423A2CDE4EC9007071DA /* Resources */,
			);
			buildRules = (
			);
			dependencies = (
				48FF423E2CDE4EC9007071DA /* PBXTargetDependency */,
			);
			name = gnostrTests;
			productName = gnostrTests;
			productReference = 48FF423C2CDE4EC9007071DA /* gnostrTests.xctest */;
			productType = "com.apple.product-type.bundle.unit-test";
		};
		48FF42452CDE4EC9007071DA /* gnostrUITests */ = {
			isa = PBXNativeTarget;
			buildConfigurationList = 48FF42562CDE4EC9007071DA /* Build configuration list for PBXNativeTarget "gnostrUITests" */;
			buildPhases = (
				48FF42422CDE4EC9007071DA /* Sources */,
				48FF42432CDE4EC9007071DA /* Frameworks */,
				48FF42442CDE4EC9007071DA /* Resources */,
			);
			buildRules = (
			);
			dependencies = (
				48FF42482CDE4EC9007071DA /* PBXTargetDependency */,
			);
			name = gnostrUITests;
			productName = gnostrUITests;
			productReference = 48FF42462CDE4EC9007071DA /* gnostrUITests.xctest */;
			productType = "com.apple.product-type.bundle.ui-testing";
		};
/* End PBXNativeTarget section */

/* Begin PBXProject section */
		48FF42232CDE4EC6007071DA /* Project object */ = {
			isa = PBXProject;
			attributes = {
				BuildIndependentTargetsInParallel = 1;
				LastSwiftUpdateCheck = 1520;
				LastUpgradeCheck = 1520;
				TargetAttributes = {
					48FF422A2CDE4EC6007071DA = {
						CreatedOnToolsVersion = 15.2;
					};
					48FF423B2CDE4EC9007071DA = {
						CreatedOnToolsVersion = 15.2;
						TestTargetID = 48FF422A2CDE4EC6007071DA;
					};
					48FF42452CDE4EC9007071DA = {
						CreatedOnToolsVersion = 15.2;
						TestTargetID = 48FF422A2CDE4EC6007071DA;
					};
				};
			};
			buildConfigurationList = 48FF42262CDE4EC6007071DA /* Build configuration list for PBXProject "gnostr" */;
			compatibilityVersion = "Xcode 14.0";
			developmentRegion = en;
			hasScannedForEncodings = 0;
			knownRegions = (
				en,
				Base,
			);
			mainGroup = 48FF42222CDE4EC6007071DA;
			productRefGroup = 48FF422C2CDE4EC6007071DA /* Products */;
			projectDirPath = "";
			projectRoot = "";
			targets = (
				48FF422A2CDE4EC6007071DA /* gnostr */,
				48FF423B2CDE4EC9007071DA /* gnostrTests */,
				48FF42452CDE4EC9007071DA /* gnostrUITests */,
			);
		};
/* End PBXProject section */

/* Begin PBXResourcesBuildPhase section */
		48FF42292CDE4EC6007071DA /* Resources */ = {
			isa = PBXResourcesBuildPhase;
			buildActionMask = 2147483647;
			files = (
				48FF42372CDE4EC8007071DA /* Preview Assets.xcassets in Resources */,
				48FF42332CDE4EC8007071DA /* Assets.xcassets in Resources */,
			);
			runOnlyForDeploymentPostprocessing = 0;
		};
		48FF423A2CDE4EC9007071DA /* Resources */ = {
			isa = PBXResourcesBuildPhase;
			buildActionMask = 2147483647;
			files = (
			);
			runOnlyForDeploymentPostprocessing = 0;
		};
		48FF42442CDE4EC9007071DA /* Resources */ = {
			isa = PBXResourcesBuildPhase;
			buildActionMask = 2147483647;
			files = (
			);
			runOnlyForDeploymentPostprocessing = 0;
		};
/* End PBXResourcesBuildPhase section */

/* Begin PBXSourcesBuildPhase section */
		48FF42272CDE4EC6007071DA /* Sources */ = {
			isa = PBXSourcesBuildPhase;
			buildActionMask = 2147483647;
			files = (
				48FF42312CDE4EC6007071DA /* ContentView.swift in Sources */,
				48FF422F2CDE4EC6007071DA /* gnostrApp.swift in Sources */,
			);
			runOnlyForDeploymentPostprocessing = 0;
		};
		48FF42382CDE4EC9007071DA /* Sources */ = {
			isa = PBXSourcesBuildPhase;
			buildActionMask = 2147483647;
			files = (
				48FF42412CDE4EC9007071DA /* gnostrTests.swift in Sources */,
			);
			runOnlyForDeploymentPostprocessing = 0;
		};
		48FF42422CDE4EC9007071DA /* Sources */ = {
			isa = PBXSourcesBuildPhase;
			buildActionMask = 2147483647;
			files = (
				48FF424B2CDE4EC9007071DA /* gnostrUITests.swift in Sources */,
				48FF424D2CDE4EC9007071DA /* gnostrUITestsLaunchTests.swift in Sources */,
			);
			runOnlyForDeploymentPostprocessing = 0;
		};
/* End PBXSourcesBuildPhase section */

/* Begin PBXTargetDependency section */
		48FF423E2CDE4EC9007071DA /* PBXTargetDependency */ = {
			isa = PBXTargetDependency;
			target = 48FF422A2CDE4EC6007071DA /* gnostr */;
			targetProxy = 48FF423D2CDE4EC9007071DA /* PBXContainerItemProxy */;
		};
		48FF42482CDE4EC9007071DA /* PBXTargetDependency */ = {
			isa = PBXTargetDependency;
			target = 48FF422A2CDE4EC6007071DA /* gnostr */;
			targetProxy = 48FF42472CDE4EC9007071DA /* PBXContainerItemProxy */;
		};
/* End PBXTargetDependency section */

/* Begin XCBuildConfiguration section */
		48FF424E2CDE4EC9007071DA /* Debug */ = {
			isa = XCBuildConfiguration;
			buildSettings = {
				ALWAYS_SEARCH_USER_PATHS = NO;
				ASSETCATALOG_COMPILER_GENERATE_SWIFT_ASSET_SYMBOL_EXTENSIONS = YES;
				CLANG_ANALYZER_NONNULL = YES;
				CLANG_ANALYZER_NUMBER_OBJECT_CONVERSION = YES_AGGRESSIVE;
				CLANG_CXX_LANGUAGE_STANDARD = "gnu++20";
				CLANG_ENABLE_MODULES = YES;
				CLANG_ENABLE_OBJC_ARC = YES;
				CLANG_ENABLE_OBJC_WEAK = YES;
				CLANG_WARN_BLOCK_CAPTURE_AUTORELEASING = YES;
				CLANG_WARN_BOOL_CONVERSION = YES;
				CLANG_WARN_COMMA = YES;
				CLANG_WARN_CONSTANT_CONVERSION = YES;
				CLANG_WARN_DEPRECATED_OBJC_IMPLEMENTATIONS = YES;
				CLANG_WARN_DIRECT_OBJC_ISA_USAGE = YES_ERROR;
				CLANG_WARN_DOCUMENTATION_COMMENTS = YES;
				CLANG_WARN_EMPTY_BODY = YES;
				CLANG_WARN_ENUM_CONVERSION = YES;
				CLANG_WARN_INFINITE_RECURSION = YES;
				CLANG_WARN_INT_CONVERSION = YES;
				CLANG_WARN_NON_LITERAL_NULL_CONVERSION = YES;
				CLANG_WARN_OBJC_IMPLICIT_RETAIN_SELF = YES;
				CLANG_WARN_OBJC_LITERAL_CONVERSION = YES;
				CLANG_WARN_OBJC_ROOT_CLASS = YES_ERROR;
				CLANG_WARN_QUOTED_INCLUDE_IN_FRAMEWORK_HEADER = YES;
				CLANG_WARN_RANGE_LOOP_ANALYSIS = YES;
				CLANG_WARN_STRICT_PROTOTYPES = YES;
				CLANG_WARN_SUSPICIOUS_MOVE = YES;
				CLANG_WARN_UNGUARDED_AVAILABILITY = YES_AGGRESSIVE;
				CLANG_WARN_UNREACHABLE_CODE = YES;
				CLANG_WARN__DUPLICATE_METHOD_MATCH = YES;
				COPY_PHASE_STRIP = NO;
				DEBUG_INFORMATION_FORMAT = dwarf;
				ENABLE_STRICT_OBJC_MSGSEND = YES;
				ENABLE_TESTABILITY = YES;
				ENABLE_USER_SCRIPT_SANDBOXING = YES;
				GCC_C_LANGUAGE_STANDARD = gnu17;
				GCC_DYNAMIC_NO_PIC = NO;
				GCC_NO_COMMON_BLOCKS = YES;
				GCC_OPTIMIZATION_LEVEL = 0;
				GCC_PREPROCESSOR_DEFINITIONS = (
					"DEBUG=1",
					"$(inherited)",
				);
				GCC_WARN_64_TO_32_BIT_CONVERSION = YES;
				GCC_WARN_ABOUT_RETURN_TYPE = YES_ERROR;
				GCC_WARN_UNDECLARED_SELECTOR = YES;
				GCC_WARN_UNINITIALIZED_AUTOS = YES_AGGRESSIVE;
				GCC_WARN_UNUSED_FUNCTION = YES;
				GCC_WARN_UNUSED_VARIABLE = YES;
				LOCALIZATION_PREFERS_STRING_CATALOGS = YES;
				MTL_ENABLE_DEBUG_INFO = INCLUDE_SOURCE;
				MTL_FAST_MATH = YES;
				ONLY_ACTIVE_ARCH = YES;
				SWIFT_ACTIVE_COMPILATION_CONDITIONS = "DEBUG $(inherited)";
				SWIFT_OPTIMIZATION_LEVEL = "-Onone";
			};
			name = Debug;
		};
		48FF424F2CDE4EC9007071DA /* Release */ = {
			isa = XCBuildConfiguration;
			buildSettings = {
				ALWAYS_SEARCH_USER_PATHS = NO;
				ASSETCATALOG_COMPILER_GENERATE_SWIFT_ASSET_SYMBOL_EXTENSIONS = YES;
				CLANG_ANALYZER_NONNULL = YES;
				CLANG_ANALYZER_NUMBER_OBJECT_CONVERSION = YES_AGGRESSIVE;
				CLANG_CXX_LANGUAGE_STANDARD = "gnu++20";
				CLANG_ENABLE_MODULES = YES;
				CLANG_ENABLE_OBJC_ARC = YES;
				CLANG_ENABLE_OBJC_WEAK = YES;
				CLANG_WARN_BLOCK_CAPTURE_AUTORELEASING = YES;
				CLANG_WARN_BOOL_CONVERSION = YES;
				CLANG_WARN_COMMA = YES;
				CLANG_WARN_CONSTANT_CONVERSION = YES;
				CLANG_WARN_DEPRECATED_OBJC_IMPLEMENTATIONS = YES;
				CLANG_WARN_DIRECT_OBJC_ISA_USAGE = YES_ERROR;
				CLANG_WARN_DOCUMENTATION_COMMENTS = YES;
				CLANG_WARN_EMPTY_BODY = YES;
				CLANG_WARN_ENUM_CONVERSION = YES;
				CLANG_WARN_INFINITE_RECURSION = YES;
				CLANG_WARN_INT_CONVERSION = YES;
				CLANG_WARN_NON_LITERAL_NULL_CONVERSION = YES;
				CLANG_WARN_OBJC_IMPLICIT_RETAIN_SELF = YES;
				CLANG_WARN_OBJC_LITERAL_CONVERSION = YES;
				CLANG_WARN_OBJC_ROOT_CLASS = YES_ERROR;
				CLANG_WARN_QUOTED_INCLUDE_IN_FRAMEWORK_HEADER = YES;
				CLANG_WARN_RANGE_LOOP_ANALYSIS = YES;
				CLANG_WARN_STRICT_PROTOTYPES = YES;
				CLANG_WARN_SUSPICIOUS_MOVE = YES;
				CLANG_WARN_UNGUARDED_AVAILABILITY = YES_AGGRESSIVE;
				CLANG_WARN_UNREACHABLE_CODE = YES;
				CLANG_WARN__DUPLICATE_METHOD_MATCH = YES;
				COPY_PHASE_STRIP = NO;
				DEBUG_INFORMATION_FORMAT = "dwarf-with-dsym";
				ENABLE_NS_ASSERTIONS = NO;
				ENABLE_STRICT_OBJC_MSGSEND = YES;
				ENABLE_USER_SCRIPT_SANDBOXING = YES;
				GCC_C_LANGUAGE_STANDARD = gnu17;
				GCC_NO_COMMON_BLOCKS = YES;
				GCC_WARN_64_TO_32_BIT_CONVERSION = YES;
				GCC_WARN_ABOUT_RETURN_TYPE = YES_ERROR;
				GCC_WARN_UNDECLARED_SELECTOR = YES;
				GCC_WARN_UNINITIALIZED_AUTOS = YES_AGGRESSIVE;
				GCC_WARN_UNUSED_FUNCTION = YES;
				GCC_WARN_UNUSED_VARIABLE = YES;
				LOCALIZATION_PREFERS_STRING_CATALOGS = YES;
				MTL_ENABLE_DEBUG_INFO = NO;
				MTL_FAST_MATH = YES;
				SWIFT_COMPILATION_MODE = wholemodule;
			};
			name = Release;
		};
		48FF42512CDE4EC9007071DA /* Debug */ = {
			isa = XCBuildConfiguration;
			buildSettings = {
				ASSETCATALOG_COMPILER_APPICON_NAME = AppIcon;
				ASSETCATALOG_COMPILER_GLOBAL_ACCENT_COLOR_NAME = AccentColor;
				CODE_SIGN_ENTITLEMENTS = gnostr/gnostr.entitlements;
				CODE_SIGN_STYLE = Automatic;
				CURRENT_PROJECT_VERSION = 1;
				DEVELOPMENT_ASSET_PATHS = "\"gnostr/Preview Content\"";
				DEVELOPMENT_TEAM = M684FYCYG6;
				ENABLE_HARDENED_RUNTIME = YES;
				ENABLE_PREVIEWS = YES;
				GENERATE_INFOPLIST_FILE = YES;
				"INFOPLIST_KEY_UIApplicationSceneManifest_Generation[sdk=iphoneos*]" = YES;
				"INFOPLIST_KEY_UIApplicationSceneManifest_Generation[sdk=iphonesimulator*]" = YES;
				"INFOPLIST_KEY_UIApplicationSupportsIndirectInputEvents[sdk=iphoneos*]" = YES;
				"INFOPLIST_KEY_UIApplicationSupportsIndirectInputEvents[sdk=iphonesimulator*]" = YES;
				"INFOPLIST_KEY_UILaunchScreen_Generation[sdk=iphoneos*]" = YES;
				"INFOPLIST_KEY_UILaunchScreen_Generation[sdk=iphonesimulator*]" = YES;
				"INFOPLIST_KEY_UIStatusBarStyle[sdk=iphoneos*]" = UIStatusBarStyleDefault;
				"INFOPLIST_KEY_UIStatusBarStyle[sdk=iphonesimulator*]" = UIStatusBarStyleDefault;
				INFOPLIST_KEY_UISupportedInterfaceOrientations_iPad = "UIInterfaceOrientationPortrait UIInterfaceOrientationPortraitUpsideDown UIInterfaceOrientationLandscapeLeft UIInterfaceOrientationLandscapeRight";
				INFOPLIST_KEY_UISupportedInterfaceOrientations_iPhone = "UIInterfaceOrientationPortrait UIInterfaceOrientationLandscapeLeft UIInterfaceOrientationLandscapeRight";
				IPHONEOS_DEPLOYMENT_TARGET = 17.2;
				LD_RUNPATH_SEARCH_PATHS = "@executable_path/Frameworks";
				"LD_RUNPATH_SEARCH_PATHS[sdk=macosx*]" = "@executable_path/../Frameworks";
				MACOSX_DEPLOYMENT_TARGET = 13.5;
				MARKETING_VERSION = 1.0;
				PRODUCT_BUNDLE_IDENTIFIER = org.gnostr.gnostr;
				PRODUCT_NAME = "$(TARGET_NAME)";
				SDKROOT = auto;
				SUPPORTED_PLATFORMS = "iphoneos iphonesimulator macosx";
				SWIFT_EMIT_LOC_STRINGS = YES;
				SWIFT_VERSION = 5.0;
				TARGETED_DEVICE_FAMILY = "1,2";
			};
			name = Debug;
		};
		48FF42522CDE4EC9007071DA /* Release */ = {
			isa = XCBuildConfiguration;
			buildSettings = {
				ASSETCATALOG_COMPILER_APPICON_NAME = AppIcon;
				ASSETCATALOG_COMPILER_GLOBAL_ACCENT_COLOR_NAME = AccentColor;
				CODE_SIGN_ENTITLEMENTS = gnostr/gnostr.entitlements;
				CODE_SIGN_STYLE = Automatic;
				CURRENT_PROJECT_VERSION = 1;
				DEVELOPMENT_ASSET_PATHS = "\"gnostr/Preview Content\"";
				DEVELOPMENT_TEAM = M684FYCYG6;
				ENABLE_HARDENED_RUNTIME = YES;
				ENABLE_PREVIEWS = YES;
				GENERATE_INFOPLIST_FILE = YES;
				"INFOPLIST_KEY_UIApplicationSceneManifest_Generation[sdk=iphoneos*]" = YES;
				"INFOPLIST_KEY_UIApplicationSceneManifest_Generation[sdk=iphonesimulator*]" = YES;
				"INFOPLIST_KEY_UIApplicationSupportsIndirectInputEvents[sdk=iphoneos*]" = YES;
				"INFOPLIST_KEY_UIApplicationSupportsIndirectInputEvents[sdk=iphonesimulator*]" = YES;
				"INFOPLIST_KEY_UILaunchScreen_Generation[sdk=iphoneos*]" = YES;
				"INFOPLIST_KEY_UILaunchScreen_Generation[sdk=iphonesimulator*]" = YES;
				"INFOPLIST_KEY_UIStatusBarStyle[sdk=iphoneos*]" = UIStatusBarStyleDefault;
				"INFOPLIST_KEY_UIStatusBarStyle[sdk=iphonesimulator*]" = UIStatusBarStyleDefault;
				INFOPLIST_KEY_UISupportedInterfaceOrientations_iPad = "UIInterfaceOrientationPortrait UIInterfaceOrientationPortraitUpsideDown UIInterfaceOrientationLandscapeLeft UIInterfaceOrientationLandscapeRight";
				INFOPLIST_KEY_UISupportedInterfaceOrientations_iPhone = "UIInterfaceOrientationPortrait UIInterfaceOrientationLandscapeLeft UIInterfaceOrientationLandscapeRight";
				IPHONEOS_DEPLOYMENT_TARGET = 17.2;
				LD_RUNPATH_SEARCH_PATHS = "@executable_path/Frameworks";
				"LD_RUNPATH_SEARCH_PATHS[sdk=macosx*]" = "@executable_path/../Frameworks";
				MACOSX_DEPLOYMENT_TARGET = 13.5;
				MARKETING_VERSION = 1.0;
				PRODUCT_BUNDLE_IDENTIFIER = org.gnostr.gnostr;
				PRODUCT_NAME = "$(TARGET_NAME)";
				SDKROOT = auto;
				SUPPORTED_PLATFORMS = "iphoneos iphonesimulator macosx";
				SWIFT_EMIT_LOC_STRINGS = YES;
				SWIFT_VERSION = 5.0;
				TARGETED_DEVICE_FAMILY = "1,2";
			};
			name = Release;
		};
		48FF42542CDE4EC9007071DA /* Debug */ = {
			isa = XCBuildConfiguration;
			buildSettings = {
				ALWAYS_EMBED_SWIFT_STANDARD_LIBRARIES = YES;
				BUNDLE_LOADER = "$(TEST_HOST)";
				CODE_SIGN_STYLE = Automatic;
				CURRENT_PROJECT_VERSION = 1;
				DEVELOPMENT_TEAM = M684FYCYG6;
				GENERATE_INFOPLIST_FILE = YES;
				IPHONEOS_DEPLOYMENT_TARGET = 17.2;
				MACOSX_DEPLOYMENT_TARGET = 13.5;
				MARKETING_VERSION = 1.0;
				PRODUCT_BUNDLE_IDENTIFIER = org.gnostr.gnostrTests;
				PRODUCT_NAME = "$(TARGET_NAME)";
				SDKROOT = auto;
				SUPPORTED_PLATFORMS = "iphoneos iphonesimulator macosx";
				SWIFT_EMIT_LOC_STRINGS = NO;
				SWIFT_VERSION = 5.0;
				TARGETED_DEVICE_FAMILY = "1,2";
				TEST_HOST = "$(BUILT_PRODUCTS_DIR)/gnostr.app/$(BUNDLE_EXECUTABLE_FOLDER_PATH)/gnostr";
			};
			name = Debug;
		};
		48FF42552CDE4EC9007071DA /* Release */ = {
			isa = XCBuildConfiguration;
			buildSettings = {
				ALWAYS_EMBED_SWIFT_STANDARD_LIBRARIES = YES;
				BUNDLE_LOADER = "$(TEST_HOST)";
				CODE_SIGN_STYLE = Automatic;
				CURRENT_PROJECT_VERSION = 1;
				DEVELOPMENT_TEAM = M684FYCYG6;
				GENERATE_INFOPLIST_FILE = YES;
				IPHONEOS_DEPLOYMENT_TARGET = 17.2;
				MACOSX_DEPLOYMENT_TARGET = 13.5;
				MARKETING_VERSION = 1.0;
				PRODUCT_BUNDLE_IDENTIFIER = org.gnostr.gnostrTests;
				PRODUCT_NAME = "$(TARGET_NAME)";
				SDKROOT = auto;
				SUPPORTED_PLATFORMS = "iphoneos iphonesimulator macosx";
				SWIFT_EMIT_LOC_STRINGS = NO;
				SWIFT_VERSION = 5.0;
				TARGETED_DEVICE_FAMILY = "1,2";
				TEST_HOST = "$(BUILT_PRODUCTS_DIR)/gnostr.app/$(BUNDLE_EXECUTABLE_FOLDER_PATH)/gnostr";
			};
			name = Release;
		};
		48FF42572CDE4EC9007071DA /* Debug */ = {
			isa = XCBuildConfiguration;
			buildSettings = {
				ALWAYS_EMBED_SWIFT_STANDARD_LIBRARIES = YES;
				CODE_SIGN_STYLE = Automatic;
				CURRENT_PROJECT_VERSION = 1;
				DEVELOPMENT_TEAM = M684FYCYG6;
				GENERATE_INFOPLIST_FILE = YES;
				IPHONEOS_DEPLOYMENT_TARGET = 17.2;
				MACOSX_DEPLOYMENT_TARGET = 13.5;
				MARKETING_VERSION = 1.0;
				PRODUCT_BUNDLE_IDENTIFIER = org.gnostr.gnostrUITests;
				PRODUCT_NAME = "$(TARGET_NAME)";
				SDKROOT = auto;
				SUPPORTED_PLATFORMS = "iphoneos iphonesimulator macosx";
				SWIFT_EMIT_LOC_STRINGS = NO;
				SWIFT_VERSION = 5.0;
				TARGETED_DEVICE_FAMILY = "1,2";
				TEST_TARGET_NAME = gnostr;
			};
			name = Debug;
		};
		48FF42582CDE4EC9007071DA /* Release */ = {
			isa = XCBuildConfiguration;
			buildSettings = {
				ALWAYS_EMBED_SWIFT_STANDARD_LIBRARIES = YES;
				CODE_SIGN_STYLE = Automatic;
				CURRENT_PROJECT_VERSION = 1;
				DEVELOPMENT_TEAM = M684FYCYG6;
				GENERATE_INFOPLIST_FILE = YES;
				IPHONEOS_DEPLOYMENT_TARGET = 17.2;
				MACOSX_DEPLOYMENT_TARGET = 13.5;
				MARKETING_VERSION = 1.0;
				PRODUCT_BUNDLE_IDENTIFIER = org.gnostr.gnostrUITests;
				PRODUCT_NAME = "$(TARGET_NAME)";
				SDKROOT = auto;
				SUPPORTED_PLATFORMS = "iphoneos iphonesimulator macosx";
				SWIFT_EMIT_LOC_STRINGS = NO;
				SWIFT_VERSION = 5.0;
				TARGETED_DEVICE_FAMILY = "1,2";
				TEST_TARGET_NAME = gnostr;
			};
			name = Release;
		};
/* End XCBuildConfiguration section */

/* Begin XCConfigurationList section */
		48FF42262CDE4EC6007071DA /* Build configuration list for PBXProject "gnostr" */ = {
			isa = XCConfigurationList;
			buildConfigurations = (
				48FF424E2CDE4EC9007071DA /* Debug */,
				48FF424F2CDE4EC9007071DA /* Release */,
			);
			defaultConfigurationIsVisible = 0;
			defaultConfigurationName = Release;
		};
		48FF42502CDE4EC9007071DA /* Build configuration list for PBXNativeTarget "gnostr" */ = {
			isa = XCConfigurationList;
			buildConfigurations = (
				48FF42512CDE4EC9007071DA /* Debug */,
				48FF42522CDE4EC9007071DA /* Release */,
			);
			defaultConfigurationIsVisible = 0;
			defaultConfigurationName = Release;
		};
		48FF42532CDE4EC9007071DA /* Build configuration list for PBXNativeTarget "gnostrTests" */ = {
			isa = XCConfigurationList;
			buildConfigurations = (
				48FF42542CDE4EC9007071DA /* Debug */,
				48FF42552CDE4EC9007071DA /* Release */,
			);
			defaultConfigurationIsVisible = 0;
			defaultConfigurationName = Release;
		};
		48FF42562CDE4EC9007071DA /* Build configuration list for PBXNativeTarget "gnostrUITests" */ = {
			isa = XCConfigurationList;
			buildConfigurations = (
				48FF42572CDE4EC9007071DA /* Debug */,
				48FF42582CDE4EC9007071DA /* Release */,
			);
			defaultConfigurationIsVisible = 0;
			defaultConfigurationName = Release;
		};
/* End XCConfigurationList section */
	};
	rootObject = 48FF42232CDE4EC6007071DA /* Project object */;
}
